
Microsoft Visual Studio Solution File, Format Version 12.00
# Visual Studio 15
VisualStudioVersion = 15.0.27428.2002
MinimumVisualStudioVersion = 10.0.40219.1
Project("{FAE04EC0-301F-11D3-BF4B-00C04F79EFBC}") = "Runner", "Runner\Runner.csproj", "{486E4D04-721B-48F9-82AA-668B335D7C33}"
EndProject
Global
	GlobalSection(SolutionConfigurationPlatforms) = preSolution
		Debug|Any CPU = Debug|Any CPU
		Release|Any CPU = Release|Any CPU
	EndGlobalSection
	GlobalSection(ProjectConfigurationPlatforms) = postSolution
		{486E4D04-721B-48F9-82AA-668B335D7C33}.Debug|Any CPU.ActiveCfg = Debug|Any CPU
		{486E4D04-721B-48F9-82AA-668B335D7C33}.Debug|Any CPU.Build.0 = Debug|Any CPU
		{486E4D04-721B-48F9-82AA-668B335D7C33}.Release|Any CPU.ActiveCfg = Release|Any CPU
		{486E4D04-721B-48F9-82AA-668B335D7C33}.Release|Any CPU.Build.0 = Release|Any CPU
	EndGlobalSection
	GlobalSection(SolutionProperties) = preSolution
		HideSolutionNode = FALSE
	EndGlobalSection
	GlobalSection(ExtensibilityGlobals) = postSolution
		SolutionGuid = {C2AE0005-756D-4885-81F8-58D1D92FBE38}
	EndGlobalSection
EndGlobal
